
Microsoft Visual Studio Solution File, Format Version 12.00
# Visual Studio Version 16
VisualStudioVersion = 16.0.29613.14
MinimumVisualStudioVersion = 10.0.40219.1
Project("{D2ABAB84-BF74-430A-B69E-9DC6D40DDA17}") = "ENTOps", "ENTOps\ENTOps.dwproj", "{C4575D22-6CC4-4BCC-82AC-6487FB60D0F1}"
EndProject
Global
	GlobalSection(SolutionConfigurationPlatforms) = preSolution
		Development|Default = Development|Default
	EndGlobalSection
	GlobalSection(ProjectConfigurationPlatforms) = postSolution
		{C4575D22-6CC4-4BCC-82AC-6487FB60D0F1}.Development|Default.ActiveCfg = Development
		{C4575D22-6CC4-4BCC-82AC-6487FB60D0F1}.Development|Default.Build.0 = Development
		{C4575D22-6CC4-4BCC-82AC-6487FB60D0F1}.Development|Default.Deploy.0 = Development
	EndGlobalSection
	GlobalSection(SolutionProperties) = preSolution
		HideSolutionNode = FALSE
	EndGlobalSection
	GlobalSection(ExtensibilityGlobals) = postSolution
		SolutionGuid = {5C498ABA-6E8D-499D-8548-DF5E301BFFB0}
	EndGlobalSection
EndGlobal
